
Microsoft Visual Studio Solution File, Format Version 12.00
# Visual Studio Version 17
VisualStudioVersion = 17.9.34728.123
MinimumVisualStudioVersion = 10.0.40219.1
Project("{FAE04EC0-301F-11D3-BF4B-00C04F79EFBC}") = "AT1.3-webodtnet", "AT1.3-webodtnet\AT1.3-webodtnet.csproj", "{94574147-725B-41D7-887D-8AAA7B2FB506}"
EndProject
Global
	GlobalSection(SolutionConfigurationPlatforms) = preSolution
		Debug|Any CPU = Debug|Any CPU
		Release|Any CPU = Release|Any CPU
	EndGlobalSection
	GlobalSection(ProjectConfigurationPlatforms) = postSolution
		{94574147-725B-41D7-887D-8AAA7B2FB506}.Debug|Any CPU.ActiveCfg = Debug|Any CPU
		{94574147-725B-41D7-887D-8AAA7B2FB506}.Debug|Any CPU.Build.0 = Debug|Any CPU
		{94574147-725B-41D7-887D-8AAA7B2FB506}.Release|Any CPU.ActiveCfg = Release|Any CPU
		{94574147-725B-41D7-887D-8AAA7B2FB506}.Release|Any CPU.Build.0 = Release|Any CPU
	EndGlobalSection
	GlobalSection(SolutionProperties) = preSolution
		HideSolutionNode = FALSE
	EndGlobalSection
	GlobalSection(ExtensibilityGlobals) = postSolution
		SolutionGuid = {545DE195-DFC4-4A1F-9A3F-181FC7CD7972}
	EndGlobalSection
EndGlobal
